{
  "name": "npm-slack-notifier",
  "version": "1.0.0",
  "lockfileVersion": 2,
  "requires": true,
  "packages": {
    "": {
      "name": "npm-slack-notifier",
      "version": "1.0.0",
      "license": "ISC",
      "dependencies": {
        "@slack/webhook": "^6.1.0",
        "ip": "^1.1.8",
        "kafkajs": "^2.0.2",
        "npm-hook-receiver": "^0.0.7"
      }
    },
    "node_modules/@slack/types": {
      "version": "1.10.0",
      "resolved": "https://registry.npmjs.org/@slack/types/-/types-1.10.0.tgz",
      "integrity": "sha512-tA7GG7Tj479vojfV3AoxbckalA48aK6giGjNtgH6ihpLwTyHE3fIgRrvt8TWfLwW8X8dyu7vgmAsGLRG7hWWOg==",
      "engines": {
        "node": ">= 8.9.0",
        "npm": ">= 5.5.1"
      }
    },
    "node_modules/@slack/webhook": {
      "version": "6.1.0",
      "resolved": "https://registry.npmjs.org/@slack/webhook/-/webhook-6.1.0.tgz",
      "integrity": "sha512-7AYNISyAjn/lA/VDwZ307K5ft5DojXgBd3DRrGoFN8XxIwIyRALdFhxBiMgAqeJH8eWoktvNwLK24R9hREEqpA==",
      "dependencies": {
        "@slack/types": "^1.2.1",
        "@types/node": ">=12.0.0",
        "axios": "^0.21.4"
      },
      "engines": {
        "node": ">= 12.13.0",
        "npm": ">= 6.12.0"
      }
    },
    "node_modules/@types/node": {
      "version": "17.0.41",
      "resolved": "https://registry.npmjs.org/@types/node/-/node-17.0.41.tgz",
      "integrity": "sha512-xA6drNNeqb5YyV5fO3OAEsnXLfO7uF0whiOfPTz5AeDo8KeZFmODKnvwPymMNO8qE/an8pVY/O50tig2SQCrGw=="
    },
    "node_modules/asn1": {
      "version": "0.1.11",
      "resolved": "https://registry.npmjs.org/asn1/-/asn1-0.1.11.tgz",
      "integrity": "sha512-Fh9zh3G2mZ8qM/kwsiKwL2U2FmXxVsboP4x1mXjnhKHv3SmzaBZoYvxEQJz/YS2gnCgd8xlAVWcZnQyC9qZBsA==",
      "engines": {
        "node": ">=0.4.9"
      }
    },
    "node_modules/assert-plus": {
      "version": "0.1.5",
      "resolved": "https://registry.npmjs.org/assert-plus/-/assert-plus-0.1.5.tgz",
      "integrity": "sha512-brU24g7ryhRwGCI2y+1dGQmQXiZF7TtIj583S96y0jjdajIe6wn8BuXyELYhvD22dtIxDQVFk04YTJwwdwOYJw==",
      "engines": {
        "node": ">=0.8"
      }
    },
    "node_modules/axios": {
      "version": "0.21.4",
      "resolved": "https://registry.npmjs.org/axios/-/axios-0.21.4.tgz",
      "integrity": "sha512-ut5vewkiu8jjGBdqpM44XxjuCjq9LAKeHVmoVfHVzy8eHgxxq8SbAVQNovDA8mVi05kP0Ea/n/UzcSHcTJQfNg==",
      "dependencies": {
        "follow-redirects": "^1.14.0"
      }
    },
    "node_modules/backoff": {
      "version": "2.5.0",
      "resolved": "https://registry.npmjs.org/backoff/-/backoff-2.5.0.tgz",
      "integrity": "sha512-wC5ihrnUXmR2douXmXLCe5O3zg3GKIyvRi/hi58a/XyRxVI+3/yM0PYueQOZXPXQ9pxBislYkw+sF9b7C/RuMA==",
      "dependencies": {
        "precond": "0.2"
      },
      "engines": {
        "node": ">= 0.6"
      }
    },
    "node_modules/balanced-match": {
      "version": "1.0.2",
      "resolved": "https://registry.npmjs.org/balanced-match/-/balanced-match-1.0.2.tgz",
      "integrity": "sha512-3oSeUO0TMV67hN1AmbXsK4yaqU7tjiHlbxRDZOpH0KW9+CeX4bRAaX0Anxt0tx2MrpRpWwQaPwIlISEJhYU5Pw==",
      "optional": true
    },
    "node_modules/brace-expansion": {
      "version": "1.1.11",
      "resolved": "https://registry.npmjs.org/brace-expansion/-/brace-expansion-1.1.11.tgz",
      "integrity": "sha512-iCuPHDFgrHX7H2vEI/5xpz07zSHB00TpugqhmYtVmMO6518mCuRMoOYFldEBl0g187ufozdaHgWKcYFb61qGiA==",
      "optional": true,
      "dependencies": {
        "balanced-match": "^1.0.0",
        "concat-map": "0.0.1"
      }
    },
    "node_modules/bunyan": {
      "version": "1.8.15",
      "resolved": "https://registry.npmjs.org/bunyan/-/bunyan-1.8.15.tgz",
      "integrity": "sha512-0tECWShh6wUysgucJcBAoYegf3JJoZWibxdqhTm7OHPeT42qdjkZ29QCMcKwbgU1kiH+auSIasNRXMLWXafXig==",
      "engines": [
        "node >=0.10.0"
      ],
      "bin": {
        "bunyan": "bin/bunyan"
      },
      "optionalDependencies": {
        "dtrace-provider": "~0.8",
        "moment": "^2.19.3",
        "mv": "~2",
        "safe-json-stringify": "~1"
      }
    },
    "node_modules/bunyan/node_modules/dtrace-provider": {
      "version": "0.8.8",
      "resolved": "https://registry.npmjs.org/dtrace-provider/-/dtrace-provider-0.8.8.tgz",
      "integrity": "sha512-b7Z7cNtHPhH9EJhNNbbeqTcXB8LGFFZhq1PGgEvpeHlzd36bhbdTWoE/Ba/YguqpBSlAPKnARWhVlhunCMwfxg==",
      "hasInstallScript": true,
      "optional": true,
      "dependencies": {
        "nan": "^2.14.0"
      },
      "engines": {
        "node": ">=0.10"
      }
    },
    "node_modules/concat-map": {
      "version": "0.0.1",
      "resolved": "https://registry.npmjs.org/concat-map/-/concat-map-0.0.1.tgz",
      "integrity": "sha512-/Srv4dswyQNBfohGpz9o6Yb3Gz3SrUDqBH5rTuhGR7ahtlbYKnVxw2bCFMRljaA7EXHaXZ8wsHdodFvbkhKmqg==",
      "optional": true
    },
    "node_modules/core-util-is": {
      "version": "1.0.2",
      "resolved": "https://registry.npmjs.org/core-util-is/-/core-util-is-1.0.2.tgz",
      "integrity": "sha512-3lqz5YjWTYnW6dlDa5TLaTCcShfar1e40rmcJVwCBJC6mWlFuj0eCHIElmG1g5kyuJ/GD+8Wn4FFCcz4gJPfaQ=="
    },
    "node_modules/csv": {
      "version": "0.4.1",
      "resolved": "https://registry.npmjs.org/csv/-/csv-0.4.1.tgz",
      "integrity": "sha512-MJ+87yoqzxwSXUdvQDPdxwsh2m97CM7cNS9E5mc8hcJxqdbjj7G2CZWMj/j8IvIZlMWkb0ODjSx3XRg5FHnqZw==",
      "dependencies": {
        "csv-generate": "*",
        "csv-parse": "*",
        "csv-stringify": "*",
        "stream-transform": "*"
      },
      "engines": {
        "node": ">= 0.1.90"
      }
    },
    "node_modules/csv-generate": {
      "version": "4.1.0",
      "resolved": "https://registry.npmjs.org/csv-generate/-/csv-generate-4.1.0.tgz",
      "integrity": "sha512-Z17wI0xmDfpwzB7lShyK7INBt0YMyh5kV7svWTwsBSOa30T6Lq1fHHasmSCtf2rRTI7GnTk52HQRYBk0ToAXQQ=="
    },
    "node_modules/csv-parse": {
      "version": "5.1.0",
      "resolved": "https://registry.npmjs.org/csv-parse/-/csv-parse-5.1.0.tgz",
      "integrity": "sha512-JL+Q6YEikT2uoe57InjFFa6VejhSv0tDwOxeQ1bVQKeUC/NCnLAAZ8n3PzowPQQLuZ37fysDYZipB2UJkH9C6A=="
    },
    "node_modules/csv-stringify": {
      "version": "6.1.0",
      "resolved": "https://registry.npmjs.org/csv-stringify/-/csv-stringify-6.1.0.tgz",
      "integrity": "sha512-rdBqiy77TczvhGlpLHyoph2adMs6WMnmQY4PBRqeIWykI1FLnVCppnRdso8faGj2+eN7izk9YlbFyZkOrL9rAQ=="
    },
    "node_modules/ctype": {
      "version": "0.5.3",
      "resolved": "https://registry.npmjs.org/ctype/-/ctype-0.5.3.tgz",
      "integrity": "sha512-T6CEkoSV4q50zW3TlTHMbzy1E5+zlnNcY+yb7tWVYlTwPhx9LpnfAkd4wecpWknDyptp4k97LUZeInlf6jdzBg==",
      "engines": {
        "node": ">= 0.4"
      }
    },
    "node_modules/dtrace-provider": {
      "version": "0.6.0",
      "resolved": "https://registry.npmjs.org/dtrace-provider/-/dtrace-provider-0.6.0.tgz",
      "integrity": "sha512-yqNrDWYWOR3wumcWPhlIGIKRSFMbDEwilGi+xYeaY4wW82cZrWsqGE+jsVnouxMqt/kCVsNmy/XDXLrm/J6SJg==",
      "hasInstallScript": true,
      "optional": true,
      "dependencies": {
        "nan": "^2.0.8"
      },
      "engines": {
        "node": ">=0.10"
      }
    },
    "node_modules/escape-regexp-component": {
      "version": "1.0.2",
      "resolved": "https://registry.npmjs.org/escape-regexp-component/-/escape-regexp-component-1.0.2.tgz",
      "integrity": "sha512-B0yxafj1D1ZTNEHkFoQxz4iboZSfaZHhaNhIug7GcUCL4ZUrVSJZTmWUAkPOFaYDfi3RNT9XM082TuGE6jpmiQ=="
    },
    "node_modules/extsprintf": {
      "version": "1.4.1",
      "resolved": "https://registry.npmjs.org/extsprintf/-/extsprintf-1.4.1.tgz",
      "integrity": "sha512-Wrk35e8ydCKDj/ArClo1VrPVmN8zph5V4AtHwIuHhvMXsKf73UT3BOD+azBIW+3wOJ4FhEH7zyaJCFvChjYvMA==",
      "engines": [
        "node >=0.6.0"
      ]
    },
    "node_modules/follow-redirects": {
      "version": "1.15.1",
      "resolved": "https://registry.npmjs.org/follow-redirects/-/follow-redirects-1.15.1.tgz",
      "integrity": "sha512-yLAMQs+k0b2m7cVxpS1VKJVvoz7SS9Td1zss3XRwXj+ZDH00RJgnuLx7E44wx02kQLrdM3aOOy+FpzS7+8OizA==",
      "funding": [
        {
          "type": "individual",
          "url": "https://github.com/sponsors/RubenVerborgh"
        }
      ],
      "engines": {
        "node": ">=4.0"
      },
      "peerDependenciesMeta": {
        "debug": {
          "optional": true
        }
      }
    },
    "node_modules/formidable": {
      "version": "1.2.6",
      "resolved": "https://registry.npmjs.org/formidable/-/formidable-1.2.6.tgz",
      "integrity": "sha512-KcpbcpuLNOwrEjnbpMC0gS+X8ciDoZE1kkqzat4a8vrprf+s9pKNQ/QIwWfbfs4ltgmFl3MD177SNTkve3BwGQ==",
      "deprecated": "Please upgrade to latest, formidable@v2 or formidable@v3! Check these notes: https://bit.ly/2ZEqIau",
      "funding": {
        "url": "https://ko-fi.com/tunnckoCore/commissions"
      }
    },
    "node_modules/glob": {
      "version": "6.0.4",
      "resolved": "https://registry.npmjs.org/glob/-/glob-6.0.4.tgz",
      "integrity": "sha512-MKZeRNyYZAVVVG1oZeLaWie1uweH40m9AZwIwxyPbTSX4hHrVYSzLg0Ro5Z5R7XKkIX+Cc6oD1rqeDJnwsB8/A==",
      "optional": true,
      "dependencies": {
        "inflight": "^1.0.4",
        "inherits": "2",
        "minimatch": "2 || 3",
        "once": "^1.3.0",
        "path-is-absolute": "^1.0.0"
      },
      "engines": {
        "node": "*"
      }
    },
    "node_modules/http-signature": {
      "version": "0.11.0",
      "resolved": "https://registry.npmjs.org/http-signature/-/http-signature-0.11.0.tgz",
      "integrity": "sha512-Cg0qO4VID3bADaSsfFIh4X0UqktZKlKWM4tRpa2836Xka0U11xGMnX1AQBPyEkzTLc1KDqiQ8UmNB2qRYHe3SQ==",
      "dependencies": {
        "asn1": "0.1.11",
        "assert-plus": "^0.1.5",
        "ctype": "0.5.3"
      },
      "engines": {
        "node": ">=0.8"
      }
    },
    "node_modules/inflight": {
      "version": "1.0.6",
      "resolved": "https://registry.npmjs.org/inflight/-/inflight-1.0.6.tgz",
      "integrity": "sha512-k92I/b08q4wvFscXCLvqfsHCrjrF7yiXsQuIVvVE7N82W3+aqpzuUdBbfhWcy/FZR3/4IgflMgKLOsvPDrGCJA==",
      "optional": true,
      "dependencies": {
        "once": "^1.3.0",
        "wrappy": "1"
      }
    },
    "node_modules/inherits": {
      "version": "2.0.4",
      "resolved": "https://registry.npmjs.org/inherits/-/inherits-2.0.4.tgz",
      "integrity": "sha512-k/vGaX4/Yla3WzyMCvTQOXYeIHvqOKtnqBduzTHpzpQZzAskKMhZ2K+EnBiSM9zGSoIFeMpXKxa4dYeZIQqewQ==",
      "optional": true
    },
    "node_modules/ip": {
      "version": "1.1.8",
      "resolved": "https://registry.npmjs.org/ip/-/ip-1.1.8.tgz",
      "integrity": "sha512-PuExPYUiu6qMBQb4l06ecm6T6ujzhmh+MeJcW9wa89PoAz5pvd4zPgN5WJV104mb6S2T1AwNIAaB70JNrLQWhg=="
    },
    "node_modules/kafkajs": {
      "version": "2.0.2",
      "resolved": "https://registry.npmjs.org/kafkajs/-/kafkajs-2.0.2.tgz",
      "integrity": "sha512-g6CM3fAenofOjR1bfOAqeZUEaSGhNtBscNokybSdW1rmIKYNwBPC9xQzwulFJm36u/xcxXUiCl/L/qfslapihA==",
      "engines": {
        "node": ">=14.0.0"
      }
    },
    "node_modules/keep-alive-agent": {
      "version": "0.0.1",
      "resolved": "https://registry.npmjs.org/keep-alive-agent/-/keep-alive-agent-0.0.1.tgz",
      "integrity": "sha512-fF6aj9/XFwJiE/4zihw/ZdXg+KeyU4nFvmutF+PkAVadSGqP298+Zm6IzWFzgeDBgvLk3o8boBxNtd1g5Kdjfg=="
    },
    "node_modules/lru-cache": {
      "version": "2.7.3",
      "resolved": "https://registry.npmjs.org/lru-cache/-/lru-cache-2.7.3.tgz",
      "integrity": "sha512-WpibWJ60c3AgAz8a2iYErDrcT2C7OmKnsWhIcHOjkUHFjkXncJhtLxNSqUmxRxRunpb5I8Vprd7aNSd2NtksJQ=="
    },
    "node_modules/mime": {
      "version": "1.6.0",
      "resolved": "https://registry.npmjs.org/mime/-/mime-1.6.0.tgz",
      "integrity": "sha512-x0Vn8spI+wuJ1O6S7gnbaQg8Pxh4NNHb7KSINmEWKiPE4RKOplvijn+NkmYmmRgP68mc70j2EbeTFRsrswaQeg==",
      "bin": {
        "mime": "cli.js"
      },
      "engines": {
        "node": ">=4"
      }
    },
    "node_modules/minimatch": {
      "version": "3.1.2",
      "resolved": "https://registry.npmjs.org/minimatch/-/minimatch-3.1.2.tgz",
      "integrity": "sha512-J7p63hRiAjw1NDEww1W7i37+ByIrOWO5XQQAzZ3VOcL0PNybwpfmV/N05zFAzwQ9USyEcX6t3UO+K5aqBQOIHw==",
      "optional": true,
      "dependencies": {
        "brace-expansion": "^1.1.7"
      },
      "engines": {
        "node": "*"
      }
    },
    "node_modules/minimist": {
      "version": "1.2.6",
      "resolved": "https://registry.npmjs.org/minimist/-/minimist-1.2.6.tgz",
      "integrity": "sha512-Jsjnk4bw3YJqYzbdyBiNsPWHPfO++UGG749Cxs6peCu5Xg4nrena6OVxOYxrQTqww0Jmwt+Ref8rggumkTLz9Q==",
      "optional": true
    },
    "node_modules/mkdirp": {
      "version": "0.5.6",
      "resolved": "https://registry.npmjs.org/mkdirp/-/mkdirp-0.5.6.tgz",
      "integrity": "sha512-FP+p8RB8OWpF3YZBCrP5gtADmtXApB5AMLn+vdyA+PyxCjrCs00mjyUozssO33cwDeT3wNGdLxJ5M//YqtHAJw==",
      "optional": true,
      "dependencies": {
        "minimist": "^1.2.6"
      },
      "bin": {
        "mkdirp": "bin/cmd.js"
      }
    },
    "node_modules/moment": {
      "version": "2.29.3",
      "resolved": "https://registry.npmjs.org/moment/-/moment-2.29.3.tgz",
      "integrity": "sha512-c6YRvhEo//6T2Jz/vVtYzqBzwvPT95JBQ+smCytzf7c50oMZRsR/a4w88aD34I+/QVSfnoAnSBFPJHItlOMJVw==",
      "optional": true,
      "engines": {
        "node": "*"
      }
    },
    "node_modules/mv": {
      "version": "2.1.1",
      "resolved": "https://registry.npmjs.org/mv/-/mv-2.1.1.tgz",
      "integrity": "sha512-at/ZndSy3xEGJ8i0ygALh8ru9qy7gWW1cmkaqBN29JmMlIvM//MEO9y1sk/avxuwnPcfhkejkLsuPxH81BrkSg==",
      "optional": true,
      "dependencies": {
        "mkdirp": "~0.5.1",
        "ncp": "~2.0.0",
        "rimraf": "~2.4.0"
      },
      "engines": {
        "node": ">=0.8.0"
      }
    },
    "node_modules/nan": {
      "version": "2.16.0",
      "resolved": "https://registry.npmjs.org/nan/-/nan-2.16.0.tgz",
      "integrity": "sha512-UdAqHyFngu7TfQKsCBgAA6pWDkT8MAO7d0jyOecVhN5354xbLqdn8mV9Tat9gepAupm0bt2DbeaSC8vS52MuFA==",
      "optional": true
    },
    "node_modules/ncp": {
      "version": "2.0.0",
      "resolved": "https://registry.npmjs.org/ncp/-/ncp-2.0.0.tgz",
      "integrity": "sha512-zIdGUrPRFTUELUvr3Gmc7KZ2Sw/h1PiVM0Af/oHB6zgnV1ikqSfRk+TOufi79aHYCW3NiOXmr1BP5nWbzojLaA==",
      "optional": true,
      "bin": {
        "ncp": "bin/ncp"
      }
    },
    "node_modules/negotiator": {
      "version": "0.5.3",
      "resolved": "https://registry.npmjs.org/negotiator/-/negotiator-0.5.3.tgz",
      "integrity": "sha512-oXmnazqehLNFohqgLxRyUdOQU9/UX0NpCpsnbjWUjM62ZM8oSOXYZpHc68XR130ftPNano0oQXGdREAplZRhaQ==",
      "engines": {
        "node": ">= 0.6"
      }
    },
    "node_modules/node-uuid": {
      "version": "1.4.8",
      "resolved": "https://registry.npmjs.org/node-uuid/-/node-uuid-1.4.8.tgz",
      "integrity": "sha512-TkCET/3rr9mUuRp+CpO7qfgT++aAxfDRaalQhwPFzI9BY/2rCDn6OfpZOVggi1AXfTPpfkTrg5f5WQx5G1uLxA==",
      "deprecated": "Use uuid module instead",
      "bin": {
        "uuid": "bin/uuid"
      }
    },
    "node_modules/npm-hook-receiver": {
      "version": "0.0.7",
      "resolved": "https://registry.npmjs.org/npm-hook-receiver/-/npm-hook-receiver-0.0.7.tgz",
      "integrity": "sha512-C9RHT2/vFmMXzCa1xDHetmIM7CBLYsP4CYLOiXEOaWZNFdtY90BCiMpus0ELDlVlNWJxuGdBMGbXBbn1HKKYfg==",
      "dependencies": {
        "restify": "~4.0.4"
      }
    },
    "node_modules/once": {
      "version": "1.4.0",
      "resolved": "https://registry.npmjs.org/once/-/once-1.4.0.tgz",
      "integrity": "sha512-lNaJgI+2Q5URQBkccEKHTQOPaXdUxnZZElQTZY0MFUAuaEqe1E+Nyvgdz/aIyNi6Z9MzO5dv1H8n58/GELp3+w==",
      "dependencies": {
        "wrappy": "1"
      }
    },
    "node_modules/path-is-absolute": {
      "version": "1.0.1",
      "resolved": "https://registry.npmjs.org/path-is-absolute/-/path-is-absolute-1.0.1.tgz",
      "integrity": "sha512-AVbw3UJ2e9bq64vSaS9Am0fje1Pa8pbGqTTsmXfaIiMpnr5DlDhfJOuLj9Sf95ZPVDAUerDfEk88MPmPe7UCQg==",
      "optional": true,
      "engines": {
        "node": ">=0.10.0"
      }
    },
    "node_modules/precond": {
      "version": "0.2.3",
      "resolved": "https://registry.npmjs.org/precond/-/precond-0.2.3.tgz",
      "integrity": "sha512-QCYG84SgGyGzqJ/vlMsxeXd/pgL/I94ixdNFyh1PusWmTCyVfPJjZ1K1jvHtsbfnXQs2TSkEP2fR7QiMZAnKFQ==",
      "engines": {
        "node": ">= 0.6"
      }
    },
    "node_modules/qs": {
      "version": "3.1.0",
      "resolved": "https://registry.npmjs.org/qs/-/qs-3.1.0.tgz",
      "integrity": "sha512-nR5uYqNsm8CgBhfCpsYKz6iDhvKjf0xdFT4KanNlLP40COGwZEsjbLoDyL9VrTXyiICUGUbsiN3gBpLGZhSZWQ=="
    },
    "node_modules/restify": {
      "version": "4.0.4",
      "resolved": "https://registry.npmjs.org/restify/-/restify-4.0.4.tgz",
      "integrity": "sha512-UHWL1FywCsArqdrTWiWCsvhL/hSq9I1w1CuBr/dkmiCY0w/O1YPi7kdeaErvo1PSjHX8j/YnKZD8vWR/qDel5w==",
      "dependencies": {
        "assert-plus": "^0.1.5",
        "backoff": "^2.4.0",
        "bunyan": "^1.4.0",
        "csv": "^0.4.0",
        "escape-regexp-component": "^1.0.2",
        "formidable": "^1.0.14",
        "http-signature": "^0.11.0",
        "keep-alive-agent": "^0.0.1",
        "lru-cache": "^2.5.0",
        "mime": "^1.2.11",
        "negotiator": "^0.5.1",
        "node-uuid": "^1.4.1",
        "once": "^1.3.0",
        "qs": "^3.1.0",
        "semver": "^4.3.3",
        "spdy": "^1.26.5",
        "tunnel-agent": "^0.4.0",
        "vasync": "1.6.3",
        "verror": "^1.4.0"
      },
      "bin": {
        "report-latency": "bin/report-latency"
      },
      "engines": {
        "node": ">=0.10"
      },
      "optionalDependencies": {
        "dtrace-provider": "^0.6.0"
      }
    },
    "node_modules/rimraf": {
      "version": "2.4.5",
      "resolved": "https://registry.npmjs.org/rimraf/-/rimraf-2.4.5.tgz",
      "integrity": "sha512-J5xnxTyqaiw06JjMftq7L9ouA448dw/E7dKghkP9WpKNuwmARNNg+Gk8/u5ryb9N/Yo2+z3MCwuqFK/+qPOPfQ==",
      "optional": true,
      "dependencies": {
        "glob": "^6.0.1"
      },
      "bin": {
        "rimraf": "bin.js"
      }
    },
    "node_modules/safe-json-stringify": {
      "version": "1.2.0",
      "resolved": "https://registry.npmjs.org/safe-json-stringify/-/safe-json-stringify-1.2.0.tgz",
      "integrity": "sha512-gH8eh2nZudPQO6TytOvbxnuhYBOvDBBLW52tz5q6X58lJcd/tkmqFR+5Z9adS8aJtURSXWThWy/xJtJwixErvg==",
      "optional": true
    },
    "node_modules/semver": {
      "version": "4.3.6",
      "resolved": "https://registry.npmjs.org/semver/-/semver-4.3.6.tgz",
      "integrity": "sha512-IrpJ+yoG4EOH8DFWuVg+8H1kW1Oaof0Wxe7cPcXW3x9BjkN/eVo54F15LyqemnDIUYskQWr9qvl/RihmSy6+xQ==",
      "bin": {
        "semver": "bin/semver"
      }
    },
    "node_modules/spdy": {
      "version": "1.32.5",
      "resolved": "https://registry.npmjs.org/spdy/-/spdy-1.32.5.tgz",
      "integrity": "sha1-cO/yPN5Ol9UqRF9lr93MVpXrXts=",
      "engines": [
        "node >= 0.7.0"
      ]
    },
    "node_modules/stream-transform": {
      "version": "3.1.0",
      "resolved": "https://registry.npmjs.org/stream-transform/-/stream-transform-3.1.0.tgz",
      "integrity": "sha512-ncT/rST/M2N2zGLacJmeB7TNq/XS8Ck0xqvhYX6bgLwSPTSZLVFCSvNnwTU+RYhk9fAfwzCkYH9I5kdgcDMvfw=="
    },
    "node_modules/tunnel-agent": {
      "version": "0.4.3",
      "resolved": "https://registry.npmjs.org/tunnel-agent/-/tunnel-agent-0.4.3.tgz",
      "integrity": "sha1-Y3PbdpCf5XDgjXNYM2Xtgop07us=",
      "engines": {
        "node": "*"
      }
    },
    "node_modules/vasync": {
      "version": "1.6.3",
      "resolved": "https://registry.npmjs.org/vasync/-/vasync-1.6.3.tgz",
      "integrity": "sha1-SmnXBSpH9M6FUD12Qd8cv0BDKpQ=",
      "engines": [
        "node >=0.6.0"
      ],
      "dependencies": {
        "verror": "1.6.0"
      }
    },
    "node_modules/vasync/node_modules/extsprintf": {
      "version": "1.2.0",
      "resolved": "https://registry.npmjs.org/extsprintf/-/extsprintf-1.2.0.tgz",
      "integrity": "sha512-T3PYC6HucmF4OfunfZb5d1nRvTSvWYhsr/Og33HANcCuCtGPUtWVyt/tTs8SU9sR0SGh5Z/xQCuX/D72ph2H+A==",
      "engines": [
        "node >=0.6.0"
      ]
    },
    "node_modules/vasync/node_modules/verror": {
      "version": "1.6.0",
      "resolved": "https://registry.npmjs.org/verror/-/verror-1.6.0.tgz",
      "integrity": "sha1-fROyex+swuLakEBetepuW90lLqU=",
      "engines": [
        "node >=0.6.0"
      ],
      "dependencies": {
        "extsprintf": "1.2.0"
      }
    },
    "node_modules/verror": {
      "version": "1.10.1",
      "resolved": "https://registry.npmjs.org/verror/-/verror-1.10.1.tgz",
      "integrity": "sha512-veufcmxri4e3XSrT0xwfUR7kguIkaxBeosDg00yDWhk49wdwkSUrvvsm7nc75e1PUyvIeZj6nS8VQRYz2/S4Xg==",
      "dependencies": {
        "assert-plus": "^1.0.0",
        "core-util-is": "1.0.2",
        "extsprintf": "^1.2.0"
      },
      "engines": {
        "node": ">=0.6.0"
      }
    },
    "node_modules/verror/node_modules/assert-plus": {
      "version": "1.0.0",
      "resolved": "https://registry.npmjs.org/assert-plus/-/assert-plus-1.0.0.tgz",
      "integrity": "sha512-NfJ4UzBCcQGLDlQq7nHxH+tv3kyZ0hHQqF5BO6J7tNJeP5do1llPr8dZ8zHonfhAu0PHAdMkSo+8o0wxg9lZWw==",
      "engines": {
        "node": ">=0.8"
      }
    },
    "node_modules/wrappy": {
      "version": "1.0.2",
      "resolved": "https://registry.npmjs.org/wrappy/-/wrappy-1.0.2.tgz",
      "integrity": "sha1-tSQ9jz7BqjXxNkYFvA0QNuMKtp8="
    }
  },
  "dependencies": {
    "@slack/types": {
      "version": "1.10.0",
      "resolved": "https://registry.npmjs.org/@slack/types/-/types-1.10.0.tgz",
      "integrity": "sha512-tA7GG7Tj479vojfV3AoxbckalA48aK6giGjNtgH6ihpLwTyHE3fIgRrvt8TWfLwW8X8dyu7vgmAsGLRG7hWWOg=="
    },
    "@slack/webhook": {
      "version": "6.1.0",
      "resolved": "https://registry.npmjs.org/@slack/webhook/-/webhook-6.1.0.tgz",
      "integrity": "sha512-7AYNISyAjn/lA/VDwZ307K5ft5DojXgBd3DRrGoFN8XxIwIyRALdFhxBiMgAqeJH8eWoktvNwLK24R9hREEqpA==",
      "requires": {
        "@slack/types": "^1.2.1",
        "@types/node": ">=12.0.0",
        "axios": "^0.21.4"
      }
    },
    "@types/node": {
      "version": "17.0.41",
      "resolved": "https://registry.npmjs.org/@types/node/-/node-17.0.41.tgz",
      "integrity": "sha512-xA6drNNeqb5YyV5fO3OAEsnXLfO7uF0whiOfPTz5AeDo8KeZFmODKnvwPymMNO8qE/an8pVY/O50tig2SQCrGw=="
    },
    "asn1": {
      "version": "0.1.11",
      "resolved": "https://registry.npmjs.org/asn1/-/asn1-0.1.11.tgz",
      "integrity": "sha512-Fh9zh3G2mZ8qM/kwsiKwL2U2FmXxVsboP4x1mXjnhKHv3SmzaBZoYvxEQJz/YS2gnCgd8xlAVWcZnQyC9qZBsA=="
    },
    "assert-plus": {
      "version": "0.1.5",
      "resolved": "https://registry.npmjs.org/assert-plus/-/assert-plus-0.1.5.tgz",
      "integrity": "sha512-brU24g7ryhRwGCI2y+1dGQmQXiZF7TtIj583S96y0jjdajIe6wn8BuXyELYhvD22dtIxDQVFk04YTJwwdwOYJw=="
    },
    "axios": {
      "version": "0.21.4",
      "resolved": "https://registry.npmjs.org/axios/-/axios-0.21.4.tgz",
      "integrity": "sha512-ut5vewkiu8jjGBdqpM44XxjuCjq9LAKeHVmoVfHVzy8eHgxxq8SbAVQNovDA8mVi05kP0Ea/n/UzcSHcTJQfNg==",
      "requires": {
        "follow-redirects": "^1.14.0"
      }
    },
    "backoff": {
      "version": "2.5.0",
      "resolved": "https://registry.npmjs.org/backoff/-/backoff-2.5.0.tgz",
      "integrity": "sha512-wC5ihrnUXmR2douXmXLCe5O3zg3GKIyvRi/hi58a/XyRxVI+3/yM0PYueQOZXPXQ9pxBislYkw+sF9b7C/RuMA==",
      "requires": {
        "precond": "0.2"
      }
    },
    "balanced-match": {
      "version": "1.0.2",
      "resolved": "https://registry.npmjs.org/balanced-match/-/balanced-match-1.0.2.tgz",
      "integrity": "sha512-3oSeUO0TMV67hN1AmbXsK4yaqU7tjiHlbxRDZOpH0KW9+CeX4bRAaX0Anxt0tx2MrpRpWwQaPwIlISEJhYU5Pw==",
      "optional": true
    },
    "brace-expansion": {
      "version": "1.1.11",
      "resolved": "https://registry.npmjs.org/brace-expansion/-/brace-expansion-1.1.11.tgz",
      "integrity": "sha512-iCuPHDFgrHX7H2vEI/5xpz07zSHB00TpugqhmYtVmMO6518mCuRMoOYFldEBl0g187ufozdaHgWKcYFb61qGiA==",
      "optional": true,
      "requires": {
        "balanced-match": "^1.0.0",
        "concat-map": "0.0.1"
      }
    },
    "bunyan": {
      "version": "1.8.15",
      "resolved": "https://registry.npmjs.org/bunyan/-/bunyan-1.8.15.tgz",
      "integrity": "sha512-0tECWShh6wUysgucJcBAoYegf3JJoZWibxdqhTm7OHPeT42qdjkZ29QCMcKwbgU1kiH+auSIasNRXMLWXafXig==",
      "requires": {
        "dtrace-provider": "~0.8",
        "moment": "^2.19.3",
        "mv": "~2",
        "safe-json-stringify": "~1"
      },
      "dependencies": {
        "dtrace-provider": {
          "version": "0.8.8",
          "resolved": "https://registry.npmjs.org/dtrace-provider/-/dtrace-provider-0.8.8.tgz",
          "integrity": "sha512-b7Z7cNtHPhH9EJhNNbbeqTcXB8LGFFZhq1PGgEvpeHlzd36bhbdTWoE/Ba/YguqpBSlAPKnARWhVlhunCMwfxg==",
          "optional": true,
          "requires": {
            "nan": "^2.14.0"
          }
        }
      }
    },
    "concat-map": {
      "version": "0.0.1",
      "resolved": "https://registry.npmjs.org/concat-map/-/concat-map-0.0.1.tgz",
      "integrity": "sha512-/Srv4dswyQNBfohGpz9o6Yb3Gz3SrUDqBH5rTuhGR7ahtlbYKnVxw2bCFMRljaA7EXHaXZ8wsHdodFvbkhKmqg==",
      "optional": true
    },
    "core-util-is": {
      "version": "1.0.2",
      "resolved": "https://registry.npmjs.org/core-util-is/-/core-util-is-1.0.2.tgz",
      "integrity": "sha512-3lqz5YjWTYnW6dlDa5TLaTCcShfar1e40rmcJVwCBJC6mWlFuj0eCHIElmG1g5kyuJ/GD+8Wn4FFCcz4gJPfaQ=="
    },
    "csv": {
      "version": "0.4.1",
      "resolved": "https://registry.npmjs.org/csv/-/csv-0.4.1.tgz",
      "integrity": "sha512-MJ+87yoqzxwSXUdvQDPdxwsh2m97CM7cNS9E5mc8hcJxqdbjj7G2CZWMj/j8IvIZlMWkb0ODjSx3XRg5FHnqZw==",
      "requires": {
        "csv-generate": "*",
        "csv-parse": "*",
        "csv-stringify": "*",
        "stream-transform": "*"
      }
    },
    "csv-generate": {
      "version": "4.1.0",
      "resolved": "https://registry.npmjs.org/csv-generate/-/csv-generate-4.1.0.tgz",
      "integrity": "sha512-Z17wI0xmDfpwzB7lShyK7INBt0YMyh5kV7svWTwsBSOa30T6Lq1fHHasmSCtf2rRTI7GnTk52HQRYBk0ToAXQQ=="
    },
    "csv-parse": {
      "version": "5.1.0",
      "resolved": "https://registry.npmjs.org/csv-parse/-/csv-parse-5.1.0.tgz",
      "integrity": "sha512-JL+Q6YEikT2uoe57InjFFa6VejhSv0tDwOxeQ1bVQKeUC/NCnLAAZ8n3PzowPQQLuZ37fysDYZipB2UJkH9C6A=="
    },
    "csv-stringify": {
      "version": "6.1.0",
      "resolved": "https://registry.npmjs.org/csv-stringify/-/csv-stringify-6.1.0.tgz",
      "integrity": "sha512-rdBqiy77TczvhGlpLHyoph2adMs6WMnmQY4PBRqeIWykI1FLnVCppnRdso8faGj2+eN7izk9YlbFyZkOrL9rAQ=="
    },
    "ctype": {
      "version": "0.5.3",
      "resolved": "https://registry.npmjs.org/ctype/-/ctype-0.5.3.tgz",
      "integrity": "sha512-T6CEkoSV4q50zW3TlTHMbzy1E5+zlnNcY+yb7tWVYlTwPhx9LpnfAkd4wecpWknDyptp4k97LUZeInlf6jdzBg=="
    },
    "dtrace-provider": {
      "version": "0.6.0",
      "resolved": "https://registry.npmjs.org/dtrace-provider/-/dtrace-provider-0.6.0.tgz",
      "integrity": "sha512-yqNrDWYWOR3wumcWPhlIGIKRSFMbDEwilGi+xYeaY4wW82cZrWsqGE+jsVnouxMqt/kCVsNmy/XDXLrm/J6SJg==",
      "optional": true,
      "requires": {
        "nan": "^2.0.8"
      }
    },
    "escape-regexp-component": {
      "version": "1.0.2",
      "resolved": "https://registry.npmjs.org/escape-regexp-component/-/escape-regexp-component-1.0.2.tgz",
      "integrity": "sha512-B0yxafj1D1ZTNEHkFoQxz4iboZSfaZHhaNhIug7GcUCL4ZUrVSJZTmWUAkPOFaYDfi3RNT9XM082TuGE6jpmiQ=="
    },
    "extsprintf": {
      "version": "1.4.1",
      "resolved": "https://registry.npmjs.org/extsprintf/-/extsprintf-1.4.1.tgz",
      "integrity": "sha512-Wrk35e8ydCKDj/ArClo1VrPVmN8zph5V4AtHwIuHhvMXsKf73UT3BOD+azBIW+3wOJ4FhEH7zyaJCFvChjYvMA=="
    },
    "follow-redirects": {
      "version": "1.15.1",
      "resolved": "https://registry.npmjs.org/follow-redirects/-/follow-redirects-1.15.1.tgz",
      "integrity": "sha512-yLAMQs+k0b2m7cVxpS1VKJVvoz7SS9Td1zss3XRwXj+ZDH00RJgnuLx7E44wx02kQLrdM3aOOy+FpzS7+8OizA=="
    },
    "formidable": {
      "version": "1.2.6",
      "resolved": "https://registry.npmjs.org/formidable/-/formidable-1.2.6.tgz",
      "integrity": "sha512-KcpbcpuLNOwrEjnbpMC0gS+X8ciDoZE1kkqzat4a8vrprf+s9pKNQ/QIwWfbfs4ltgmFl3MD177SNTkve3BwGQ=="
    },
    "glob": {
      "version": "6.0.4",
      "resolved": "https://registry.npmjs.org/glob/-/glob-6.0.4.tgz",
      "integrity": "sha512-MKZeRNyYZAVVVG1oZeLaWie1uweH40m9AZwIwxyPbTSX4hHrVYSzLg0Ro5Z5R7XKkIX+Cc6oD1rqeDJnwsB8/A==",
      "optional": true,
      "requires": {
        "inflight": "^1.0.4",
        "inherits": "2",
        "minimatch": "2 || 3",
        "once": "^1.3.0",
        "path-is-absolute": "^1.0.0"
      }
    },
    "http-signature": {
      "version": "0.11.0",
      "resolved": "https://registry.npmjs.org/http-signature/-/http-signature-0.11.0.tgz",
      "integrity": "sha512-Cg0qO4VID3bADaSsfFIh4X0UqktZKlKWM4tRpa2836Xka0U11xGMnX1AQBPyEkzTLc1KDqiQ8UmNB2qRYHe3SQ==",
      "requires": {
        "asn1": "0.1.11",
        "assert-plus": "^0.1.5",
        "ctype": "0.5.3"
      }
    },
    "inflight": {
      "version": "1.0.6",
      "resolved": "https://registry.npmjs.org/inflight/-/inflight-1.0.6.tgz",
      "integrity": "sha512-k92I/b08q4wvFscXCLvqfsHCrjrF7yiXsQuIVvVE7N82W3+aqpzuUdBbfhWcy/FZR3/4IgflMgKLOsvPDrGCJA==",
      "optional": true,
      "requires": {
        "once": "^1.3.0",
        "wrappy": "1"
      }
    },
    "inherits": {
      "version": "2.0.4",
      "resolved": "https://registry.npmjs.org/inherits/-/inherits-2.0.4.tgz",
      "integrity": "sha512-k/vGaX4/Yla3WzyMCvTQOXYeIHvqOKtnqBduzTHpzpQZzAskKMhZ2K+EnBiSM9zGSoIFeMpXKxa4dYeZIQqewQ==",
      "optional": true
    },
    "ip": {
      "version": "1.1.8",
      "resolved": "https://registry.npmjs.org/ip/-/ip-1.1.8.tgz",
      "integrity": "sha512-PuExPYUiu6qMBQb4l06ecm6T6ujzhmh+MeJcW9wa89PoAz5pvd4zPgN5WJV104mb6S2T1AwNIAaB70JNrLQWhg=="
    },
    "kafkajs": {
      "version": "2.0.2",
      "resolved": "https://registry.npmjs.org/kafkajs/-/kafkajs-2.0.2.tgz",
      "integrity": "sha512-g6CM3fAenofOjR1bfOAqeZUEaSGhNtBscNokybSdW1rmIKYNwBPC9xQzwulFJm36u/xcxXUiCl/L/qfslapihA=="
    },
    "keep-alive-agent": {
      "version": "0.0.1",
      "resolved": "https://registry.npmjs.org/keep-alive-agent/-/keep-alive-agent-0.0.1.tgz",
      "integrity": "sha512-fF6aj9/XFwJiE/4zihw/ZdXg+KeyU4nFvmutF+PkAVadSGqP298+Zm6IzWFzgeDBgvLk3o8boBxNtd1g5Kdjfg=="
    },
    "lru-cache": {
      "version": "2.7.3",
      "resolved": "https://registry.npmjs.org/lru-cache/-/lru-cache-2.7.3.tgz",
      "integrity": "sha512-WpibWJ60c3AgAz8a2iYErDrcT2C7OmKnsWhIcHOjkUHFjkXncJhtLxNSqUmxRxRunpb5I8Vprd7aNSd2NtksJQ=="
    },
    "mime": {
      "version": "1.6.0",
      "resolved": "https://registry.npmjs.org/mime/-/mime-1.6.0.tgz",
      "integrity": "sha512-x0Vn8spI+wuJ1O6S7gnbaQg8Pxh4NNHb7KSINmEWKiPE4RKOplvijn+NkmYmmRgP68mc70j2EbeTFRsrswaQeg=="
    },
    "minimatch": {
      "version": "3.1.2",
      "resolved": "https://registry.npmjs.org/minimatch/-/minimatch-3.1.2.tgz",
      "integrity": "sha512-J7p63hRiAjw1NDEww1W7i37+ByIrOWO5XQQAzZ3VOcL0PNybwpfmV/N05zFAzwQ9USyEcX6t3UO+K5aqBQOIHw==",
      "optional": true,
      "requires": {
        "brace-expansion": "^1.1.7"
      }
    },
    "minimist": {
      "version": "1.2.6",
      "resolved": "https://registry.npmjs.org/minimist/-/minimist-1.2.6.tgz",
      "integrity": "sha512-Jsjnk4bw3YJqYzbdyBiNsPWHPfO++UGG749Cxs6peCu5Xg4nrena6OVxOYxrQTqww0Jmwt+Ref8rggumkTLz9Q==",
      "optional": true
    },
    "mkdirp": {
      "version": "0.5.6",
      "resolved": "https://registry.npmjs.org/mkdirp/-/mkdirp-0.5.6.tgz",
      "integrity": "sha512-FP+p8RB8OWpF3YZBCrP5gtADmtXApB5AMLn+vdyA+PyxCjrCs00mjyUozssO33cwDeT3wNGdLxJ5M//YqtHAJw==",
      "optional": true,
      "requires": {
        "minimist": "^1.2.6"
      }
    },
    "moment": {
      "version": "2.29.3",
      "resolved": "https://registry.npmjs.org/moment/-/moment-2.29.3.tgz",
      "integrity": "sha512-c6YRvhEo//6T2Jz/vVtYzqBzwvPT95JBQ+smCytzf7c50oMZRsR/a4w88aD34I+/QVSfnoAnSBFPJHItlOMJVw==",
      "optional": true
    },
    "mv": {
      "version": "2.1.1",
      "resolved": "https://registry.npmjs.org/mv/-/mv-2.1.1.tgz",
      "integrity": "sha512-at/ZndSy3xEGJ8i0ygALh8ru9qy7gWW1cmkaqBN29JmMlIvM//MEO9y1sk/avxuwnPcfhkejkLsuPxH81BrkSg==",
      "optional": true,
      "requires": {
        "mkdirp": "~0.5.1",
        "ncp": "~2.0.0",
        "rimraf": "~2.4.0"
      }
    },
    "nan": {
      "version": "2.16.0",
      "resolved": "https://registry.npmjs.org/nan/-/nan-2.16.0.tgz",
      "integrity": "sha512-UdAqHyFngu7TfQKsCBgAA6pWDkT8MAO7d0jyOecVhN5354xbLqdn8mV9Tat9gepAupm0bt2DbeaSC8vS52MuFA==",
      "optional": true
    },
    "ncp": {
      "version": "2.0.0",
      "resolved": "https://registry.npmjs.org/ncp/-/ncp-2.0.0.tgz",
      "integrity": "sha512-zIdGUrPRFTUELUvr3Gmc7KZ2Sw/h1PiVM0Af/oHB6zgnV1ikqSfRk+TOufi79aHYCW3NiOXmr1BP5nWbzojLaA==",
      "optional": true
    },
    "negotiator": {
      "version": "0.5.3",
      "resolved": "https://registry.npmjs.org/negotiator/-/negotiator-0.5.3.tgz",
      "integrity": "sha512-oXmnazqehLNFohqgLxRyUdOQU9/UX0NpCpsnbjWUjM62ZM8oSOXYZpHc68XR130ftPNano0oQXGdREAplZRhaQ=="
    },
    "node-uuid": {
      "version": "1.4.8",
      "resolved": "https://registry.npmjs.org/node-uuid/-/node-uuid-1.4.8.tgz",
      "integrity": "sha512-TkCET/3rr9mUuRp+CpO7qfgT++aAxfDRaalQhwPFzI9BY/2rCDn6OfpZOVggi1AXfTPpfkTrg5f5WQx5G1uLxA=="
    },
    "npm-hook-receiver": {
      "version": "0.0.7",
      "resolved": "https://registry.npmjs.org/npm-hook-receiver/-/npm-hook-receiver-0.0.7.tgz",
      "integrity": "sha512-C9RHT2/vFmMXzCa1xDHetmIM7CBLYsP4CYLOiXEOaWZNFdtY90BCiMpus0ELDlVlNWJxuGdBMGbXBbn1HKKYfg==",
      "requires": {
        "restify": "~4.0.4"
      }
    },
    "once": {
      "version": "1.4.0",
      "resolved": "https://registry.npmjs.org/once/-/once-1.4.0.tgz",
      "integrity": "sha512-lNaJgI+2Q5URQBkccEKHTQOPaXdUxnZZElQTZY0MFUAuaEqe1E+Nyvgdz/aIyNi6Z9MzO5dv1H8n58/GELp3+w==",
      "requires": {
        "wrappy": "1"
      }
    },
    "path-is-absolute": {
      "version": "1.0.1",
      "resolved": "https://registry.npmjs.org/path-is-absolute/-/path-is-absolute-1.0.1.tgz",
      "integrity": "sha512-AVbw3UJ2e9bq64vSaS9Am0fje1Pa8pbGqTTsmXfaIiMpnr5DlDhfJOuLj9Sf95ZPVDAUerDfEk88MPmPe7UCQg==",
      "optional": true
    },
    "precond": {
      "version": "0.2.3",
      "resolved": "https://registry.npmjs.org/precond/-/precond-0.2.3.tgz",
      "integrity": "sha512-QCYG84SgGyGzqJ/vlMsxeXd/pgL/I94ixdNFyh1PusWmTCyVfPJjZ1K1jvHtsbfnXQs2TSkEP2fR7QiMZAnKFQ=="
    },
    "qs": {
      "version": "3.1.0",
      "resolved": "https://registry.npmjs.org/qs/-/qs-3.1.0.tgz",
      "integrity": "sha512-nR5uYqNsm8CgBhfCpsYKz6iDhvKjf0xdFT4KanNlLP40COGwZEsjbLoDyL9VrTXyiICUGUbsiN3gBpLGZhSZWQ=="
    },
    "restify": {
      "version": "4.0.4",
      "resolved": "https://registry.npmjs.org/restify/-/restify-4.0.4.tgz",
      "integrity": "sha512-UHWL1FywCsArqdrTWiWCsvhL/hSq9I1w1CuBr/dkmiCY0w/O1YPi7kdeaErvo1PSjHX8j/YnKZD8vWR/qDel5w==",
      "requires": {
        "assert-plus": "^0.1.5",
        "backoff": "^2.4.0",
        "bunyan": "^1.4.0",
        "csv": "^0.4.0",
        "dtrace-provider": "^0.6.0",
        "escape-regexp-component": "^1.0.2",
        "formidable": "^1.0.14",
        "http-signature": "^0.11.0",
        "keep-alive-agent": "^0.0.1",
        "lru-cache": "^2.5.0",
        "mime": "^1.2.11",
        "negotiator": "^0.5.1",
        "node-uuid": "^1.4.1",
        "once": "^1.3.0",
        "qs": "^3.1.0",
        "semver": "^4.3.3",
        "spdy": "^1.26.5",
        "tunnel-agent": "^0.4.0",
        "vasync": "1.6.3",
        "verror": "^1.4.0"
      }
    },
    "rimraf": {
      "version": "2.4.5",
      "resolved": "https://registry.npmjs.org/rimraf/-/rimraf-2.4.5.tgz",
      "integrity": "sha512-J5xnxTyqaiw06JjMftq7L9ouA448dw/E7dKghkP9WpKNuwmARNNg+Gk8/u5ryb9N/Yo2+z3MCwuqFK/+qPOPfQ==",
      "optional": true,
      "requires": {
        "glob": "^6.0.1"
      }
    },
    "safe-json-stringify": {
      "version": "1.2.0",
      "resolved": "https://registry.npmjs.org/safe-json-stringify/-/safe-json-stringify-1.2.0.tgz",
      "integrity": "sha512-gH8eh2nZudPQO6TytOvbxnuhYBOvDBBLW52tz5q6X58lJcd/tkmqFR+5Z9adS8aJtURSXWThWy/xJtJwixErvg==",
      "optional": true
    },
    "semver": {
      "version": "4.3.6",
      "resolved": "https://registry.npmjs.org/semver/-/semver-4.3.6.tgz",
      "integrity": "sha512-IrpJ+yoG4EOH8DFWuVg+8H1kW1Oaof0Wxe7cPcXW3x9BjkN/eVo54F15LyqemnDIUYskQWr9qvl/RihmSy6+xQ=="
    },
    "spdy": {
      "version": "1.32.5",
      "resolved": "https://registry.npmjs.org/spdy/-/spdy-1.32.5.tgz",
      "integrity": "sha1-cO/yPN5Ol9UqRF9lr93MVpXrXts="
    },
    "stream-transform": {
      "version": "3.1.0",
      "resolved": "https://registry.npmjs.org/stream-transform/-/stream-transform-3.1.0.tgz",
      "integrity": "sha512-ncT/rST/M2N2zGLacJmeB7TNq/XS8Ck0xqvhYX6bgLwSPTSZLVFCSvNnwTU+RYhk9fAfwzCkYH9I5kdgcDMvfw=="
    },
    "tunnel-agent": {
      "version": "0.4.3",
      "resolved": "https://registry.npmjs.org/tunnel-agent/-/tunnel-agent-0.4.3.tgz",
      "integrity": "sha1-Y3PbdpCf5XDgjXNYM2Xtgop07us="
    },
    "vasync": {
      "version": "1.6.3",
      "resolved": "https://registry.npmjs.org/vasync/-/vasync-1.6.3.tgz",
      "integrity": "sha1-SmnXBSpH9M6FUD12Qd8cv0BDKpQ=",
      "requires": {
        "verror": "1.6.0"
      },
      "dependencies": {
        "extsprintf": {
          "version": "1.2.0",
          "resolved": "https://registry.npmjs.org/extsprintf/-/extsprintf-1.2.0.tgz",
          "integrity": "sha512-T3PYC6HucmF4OfunfZb5d1nRvTSvWYhsr/Og33HANcCuCtGPUtWVyt/tTs8SU9sR0SGh5Z/xQCuX/D72ph2H+A=="
        },
        "verror": {
          "version": "1.6.0",
          "resolved": "https://registry.npmjs.org/verror/-/verror-1.6.0.tgz",
          "integrity": "sha1-fROyex+swuLakEBetepuW90lLqU=",
          "requires": {
            "extsprintf": "1.2.0"
          }
        }
      }
    },
    "verror": {
      "version": "1.10.1",
      "resolved": "https://registry.npmjs.org/verror/-/verror-1.10.1.tgz",
      "integrity": "sha512-veufcmxri4e3XSrT0xwfUR7kguIkaxBeosDg00yDWhk49wdwkSUrvvsm7nc75e1PUyvIeZj6nS8VQRYz2/S4Xg==",
      "requires": {
        "assert-plus": "^1.0.0",
        "core-util-is": "1.0.2",
        "extsprintf": "^1.2.0"
      },
      "dependencies": {
        "assert-plus": {
          "version": "1.0.0",
          "resolved": "https://registry.npmjs.org/assert-plus/-/assert-plus-1.0.0.tgz",
          "integrity": "sha512-NfJ4UzBCcQGLDlQq7nHxH+tv3kyZ0hHQqF5BO6J7tNJeP5do1llPr8dZ8zHonfhAu0PHAdMkSo+8o0wxg9lZWw=="
        }
      }
    },
    "wrappy": {
      "version": "1.0.2",
      "resolved": "https://registry.npmjs.org/wrappy/-/wrappy-1.0.2.tgz",
      "integrity": "sha1-tSQ9jz7BqjXxNkYFvA0QNuMKtp8="
    }
  }
}
